
Microsoft Visual Studio Solution File, Format Version 12.00
# Visual Studio Version 17
VisualStudioVersion = 17.11.35303.130
MinimumVisualStudioVersion = 10.0.40219.1
Project("{FAE04EC0-301F-11D3-BF4B-00C04F79EFBC}") = "s02_exv3", "s02_exv3\s02_exv3.csproj", "{DCDCECAB-6FE3-4637-9CCD-1934C03EB424}"
EndProject
Global
	GlobalSection(SolutionConfigurationPlatforms) = preSolution
		Debug|Any CPU = Debug|Any CPU
		Release|Any CPU = Release|Any CPU
	EndGlobalSection
	GlobalSection(ProjectConfigurationPlatforms) = postSolution
		{DCDCECAB-6FE3-4637-9CCD-1934C03EB424}.Debug|Any CPU.ActiveCfg = Debug|Any CPU
		{DCDCECAB-6FE3-4637-9CCD-1934C03EB424}.Debug|Any CPU.Build.0 = Debug|Any CPU
		{DCDCECAB-6FE3-4637-9CCD-1934C03EB424}.Release|Any CPU.ActiveCfg = Release|Any CPU
		{DCDCECAB-6FE3-4637-9CCD-1934C03EB424}.Release|Any CPU.Build.0 = Release|Any CPU
	EndGlobalSection
	GlobalSection(SolutionProperties) = preSolution
		HideSolutionNode = FALSE
	EndGlobalSection
	GlobalSection(ExtensibilityGlobals) = postSolution
		SolutionGuid = {6F178A60-270B-4E2B-9414-873E41FB1CE1}
	EndGlobalSection
EndGlobal
