
Microsoft Visual Studio Solution File, Format Version 12.00
# Visual Studio Version 17
VisualStudioVersion = 17.11.35303.130
MinimumVisualStudioVersion = 10.0.40219.1
Project("{FAE04EC0-301F-11D3-BF4B-00C04F79EFBC}") = "optimitzar", "optimitzar\optimitzar.csproj", "{03A8EED4-16F2-48E6-96DA-1C8383262CA7}"
EndProject
Global
	GlobalSection(SolutionConfigurationPlatforms) = preSolution
		Debug|Any CPU = Debug|Any CPU
		Release|Any CPU = Release|Any CPU
	EndGlobalSection
	GlobalSection(ProjectConfigurationPlatforms) = postSolution
		{03A8EED4-16F2-48E6-96DA-1C8383262CA7}.Debug|Any CPU.ActiveCfg = Debug|Any CPU
		{03A8EED4-16F2-48E6-96DA-1C8383262CA7}.Debug|Any CPU.Build.0 = Debug|Any CPU
		{03A8EED4-16F2-48E6-96DA-1C8383262CA7}.Release|Any CPU.ActiveCfg = Release|Any CPU
		{03A8EED4-16F2-48E6-96DA-1C8383262CA7}.Release|Any CPU.Build.0 = Release|Any CPU
	EndGlobalSection
	GlobalSection(SolutionProperties) = preSolution
		HideSolutionNode = FALSE
	EndGlobalSection
	GlobalSection(ExtensibilityGlobals) = postSolution
		SolutionGuid = {21155535-0D90-4E21-AE2B-D6DF33C26547}
	EndGlobalSection
EndGlobal
