
Microsoft Visual Studio Solution File, Format Version 12.00
# Visual Studio Version 17
VisualStudioVersion = 17.11.35303.130
MinimumVisualStudioVersion = 10.0.40219.1
Project("{FAE04EC0-301F-11D3-BF4B-00C04F79EFBC}") = "ConsoleApp1", "ConsoleApp1\ConsoleApp1.csproj", "{7CE33D58-57DF-4DD1-A58B-143B3EA26675}"
EndProject
Global
	GlobalSection(SolutionConfigurationPlatforms) = preSolution
		Debug|Any CPU = Debug|Any CPU
		Release|Any CPU = Release|Any CPU
	EndGlobalSection
	GlobalSection(ProjectConfigurationPlatforms) = postSolution
		{7CE33D58-57DF-4DD1-A58B-143B3EA26675}.Debug|Any CPU.ActiveCfg = Debug|Any CPU
		{7CE33D58-57DF-4DD1-A58B-143B3EA26675}.Debug|Any CPU.Build.0 = Debug|Any CPU
		{7CE33D58-57DF-4DD1-A58B-143B3EA26675}.Release|Any CPU.ActiveCfg = Release|Any CPU
		{7CE33D58-57DF-4DD1-A58B-143B3EA26675}.Release|Any CPU.Build.0 = Release|Any CPU
	EndGlobalSection
	GlobalSection(SolutionProperties) = preSolution
		HideSolutionNode = FALSE
	EndGlobalSection
	GlobalSection(ExtensibilityGlobals) = postSolution
		SolutionGuid = {E1CC45E2-34A8-4F95-9B2B-54D2145CC5F6}
	EndGlobalSection
EndGlobal
