
Microsoft Visual Studio Solution File, Format Version 12.00
# Visual Studio Version 17
VisualStudioVersion = 17.11.35303.130
MinimumVisualStudioVersion = 10.0.40219.1
Project("{FAE04EC0-301F-11D3-BF4B-00C04F79EFBC}") = "HackingEtico", "HackingEtico\HackingEtico.csproj", "{759C73A1-4BB2-475A-8A8A-4AB7A206B608}"
EndProject
Global
	GlobalSection(SolutionConfigurationPlatforms) = preSolution
		Debug|Any CPU = Debug|Any CPU
		Release|Any CPU = Release|Any CPU
	EndGlobalSection
	GlobalSection(ProjectConfigurationPlatforms) = postSolution
		{759C73A1-4BB2-475A-8A8A-4AB7A206B608}.Debug|Any CPU.ActiveCfg = Debug|Any CPU
		{759C73A1-4BB2-475A-8A8A-4AB7A206B608}.Debug|Any CPU.Build.0 = Debug|Any CPU
		{759C73A1-4BB2-475A-8A8A-4AB7A206B608}.Release|Any CPU.ActiveCfg = Release|Any CPU
		{759C73A1-4BB2-475A-8A8A-4AB7A206B608}.Release|Any CPU.Build.0 = Release|Any CPU
	EndGlobalSection
	GlobalSection(SolutionProperties) = preSolution
		HideSolutionNode = FALSE
	EndGlobalSection
	GlobalSection(ExtensibilityGlobals) = postSolution
		SolutionGuid = {B669CF63-72E5-4D06-9D77-BF4D04B86E2C}
	EndGlobalSection
EndGlobal
