
Microsoft Visual Studio Solution File, Format Version 12.00
# Visual Studio Version 17
VisualStudioVersion = 17.11.35303.130
MinimumVisualStudioVersion = 10.0.40219.1
Project("{FAE04EC0-301F-11D3-BF4B-00C04F79EFBC}") = "s02_ex3", "s02_ex3\s02_ex3.csproj", "{09B475C8-2068-4F85-86A0-C50C04C28246}"
EndProject
Global
	GlobalSection(SolutionConfigurationPlatforms) = preSolution
		Debug|Any CPU = Debug|Any CPU
		Release|Any CPU = Release|Any CPU
	EndGlobalSection
	GlobalSection(ProjectConfigurationPlatforms) = postSolution
		{09B475C8-2068-4F85-86A0-C50C04C28246}.Debug|Any CPU.ActiveCfg = Debug|Any CPU
		{09B475C8-2068-4F85-86A0-C50C04C28246}.Debug|Any CPU.Build.0 = Debug|Any CPU
		{09B475C8-2068-4F85-86A0-C50C04C28246}.Release|Any CPU.ActiveCfg = Release|Any CPU
		{09B475C8-2068-4F85-86A0-C50C04C28246}.Release|Any CPU.Build.0 = Release|Any CPU
	EndGlobalSection
	GlobalSection(SolutionProperties) = preSolution
		HideSolutionNode = FALSE
	EndGlobalSection
	GlobalSection(ExtensibilityGlobals) = postSolution
		SolutionGuid = {4EDA9963-BC9C-4FEC-A5F4-4D4368575C09}
	EndGlobalSection
EndGlobal
